
Microsoft Visual Studio Solution File, Format Version 12.00
Project("{2150E333-8FDC-42A3-9474-1A3956D46DE8}") = "Solution Items", "Solution Items", "{B1C48358-E9EC-4F02-B4DD-8AB0430A8941}"
	ProjectSection(SolutionItems) = preProject
		compose.yaml = compose.yaml
	EndProjectSection
EndProject
Project("{FAE04EC0-301F-11D3-BF4B-00C04F79EFBC}") = "simple-api", "simple-api\simple-api.csproj", "{90478D51-DDA2-4765-B81B-9847C534BCDA}"
EndProject
Global
	GlobalSection(SolutionConfigurationPlatforms) = preSolution
		Debug|Any CPU = Debug|Any CPU
		Release|Any CPU = Release|Any CPU
	EndGlobalSection
	GlobalSection(ProjectConfigurationPlatforms) = postSolution
		{90478D51-DDA2-4765-B81B-9847C534BCDA}.Debug|Any CPU.ActiveCfg = Debug|Any CPU
		{90478D51-DDA2-4765-B81B-9847C534BCDA}.Debug|Any CPU.Build.0 = Debug|Any CPU
		{90478D51-DDA2-4765-B81B-9847C534BCDA}.Release|Any CPU.ActiveCfg = Release|Any CPU
		{90478D51-DDA2-4765-B81B-9847C534BCDA}.Release|Any CPU.Build.0 = Release|Any CPU
	EndGlobalSection
EndGlobal
